PODS:
  - AppAuth (2.0.0):
    - AppAuth/Core (= 2.0.0)
    - AppAuth/ExternalUserAgent (= 2.0.0)
  - AppAuth/Core (2.0.0)
  - AppAuth/ExternalUserAgent (2.0.0):
    - AppAuth/Core
  - AppCheckCore (11.2.0):
    - GoogleUtilities/Environment (~> 8.0)
    - GoogleUtilities/UserDefaults (~> 8.0)
    - PromisesObjC (~> 2.4)
  - boost (1.84.0)
  - DoubleConversion (1.1.6)
  - fast_float (6.1.4)
  - FBLazyVector (0.76.9)
  - fmt (11.0.2)
  - glog (0.3.5)
  - Google-Maps-iOS-Utils (5.0.0):
    - GoogleMaps (~> 8.0)
  - GoogleMaps (8.4.0):
    - GoogleMaps/Maps (= 8.4.0)
  - GoogleMaps/Base (8.4.0)
  - GoogleMaps/Maps (8.4.0):
    - GoogleMaps/Base
  - GoogleSignIn (9.0.0):
    - AppAuth (~> 2.0)
    - AppCheckCore (~> 11.0)
    - GTMAppAuth (~> 5.0)
    - GTMSessionFetcher/Core (~> 3.3)
  - GoogleUtilities/Environment (8.1.0):
    - GoogleUtilities/Privacy
  - GoogleUtilities/Logger (8.1.0):
    - GoogleUtilities/Environment
    - GoogleUtilities/Privacy
  - GoogleUtilities/Privacy (8.1.0)
  - GoogleUtilities/UserDefaults (8.1.0):
    - GoogleUtilities/Logger
    - GoogleUtilities/Privacy
  - GTMAppAuth (5.0.0):
    - AppAuth/Core (~> 2.0)
    - GTMSessionFetcher/Core (< 4.0, >= 3.3)
  - GTMSessionFetcher/Core (3.5.0)
  - hermes-engine (0.76.9):
    - hermes-engine/Pre-built (= 0.76.9)
  - PromisesObjC (2.4.0)
  - RCT-Folly (2024.10.14.00):
    - boost
    - DoubleConversion
    - fast_float
    - fmt
    - glog
    - RCT-Folly/Default (= 2024.10.14.00)
  - RCT-Folly/Fabric (2024.10.14.00):
    - boost
    - DoubleConversion
    - fast_float
    - fmt
    - glog
  - RCTDeprecation (0.76.9)
  - RCTRequired (0.76.9)
  - RCTTypeSafety (0.76.9):
    - FBLazyVector (= 0.76.9)
    - RCTRequired (= 0.76.9)
    - React-Core (= 0.76.9)
  - React (0.76.9):
    - React-Core (= 0.76.9)
    - React-Core/DevSupport (= 0.76.9)
    - React-Core/RCTWebSocket (= 0.76.9)
    - React-RCTActionSheet (= 0.76.9)
    - React-RCTAnimation (= 0.76.9)
    - React-RCTBlob (= 0.76.9)
    - React-RCTImage (= 0.76.9)
    - React-RCTLinking (= 0.76.9)
    - React-RCTNetwork (= 0.76.9)
    - React-RCTSettings (= 0.76.9)
    - React-RCTText (= 0.76.9)
    - React-RCTVibration (= 0.76.9)
  - React-callinvoker (0.76.9)
  - React-Core (0.76.9):
    - glog
    - hermes-engine
    - RCT-Folly (= 2024.10.14.00)
    - RCTDeprecation
    - React-Core/Default (= 0.76.9)
    - React-cxxreact
    - React-featureflags
    - React-hermes
    - React-jsi
    - React-jsiexecutor
    - React-jsinspector
    - React-perflogger
    - React-runtimescheduler
    - React-utils
    - SocketRocket (= 0.7.1)
    - Yoga
  - React-Core/CoreModulesHeaders (0.76.9):
    - glog
    - hermes-engine
    - RCT-Folly (= 2024.10.14.00)
    - RCTDeprecation
    - React-Core/Default
    - React-cxxreact
    - React-featureflags
    - React-hermes
    - React-jsi
    - React-jsiexecutor
    - React-jsinspector
    - React-perflogger
    - React-runtimescheduler
    - React-utils
    - SocketRocket (= 0.7.1)
    - Yoga
  - React-Core/Default (0.76.9):
    - glog
    - hermes-engine
    - RCT-Folly (= 2024.10.14.00)
    - RCTDeprecation
    - React-cxxreact
    - React-featureflags
    - React-hermes
    - React-jsi
    - React-jsiexecutor
    - React-jsinspector
    - React-perflogger
    - React-runtimescheduler
    - React-utils
    - SocketRocket (= 0.7.1)
    - Yoga
  - React-Core/DevSupport (0.76.9):
    - glog
    - hermes-engine
    - RCT-Folly (= 2024.10.14.00)
    - RCTDeprecation
    - React-Core/Default (= 0.76.9)
    - React-Core/RCTWebSocket (= 0.76.9)
    - React-cxxreact
    - React-featureflags
    - React-hermes
    - React-jsi
    - React-jsiexecutor
    - React-jsinspector
    - React-perflogger
    - React-runtimescheduler
    - React-utils
    - SocketRocket (= 0.7.1)
    - Yoga
  - React-Core/RCTActionSheetHeaders (0.76.9):
    - glog
    - hermes-engine
    - RCT-Folly (= 2024.10.14.00)
    - RCTDeprecation
    - React-Core/Default
    - React-cxxreact
    - React-featureflags
    - React-hermes
    - React-jsi
    - React-jsiexecutor
    - React-jsinspector
    - React-perflogger
    - React-runtimescheduler
    - React-utils
    - SocketRocket (= 0.7.1)
    - Yoga
  - React-Core/RCTAnimationHeaders (0.76.9):
    - glog
    - hermes-engine
    - RCT-Folly (= 2024.10.14.00)
    - RCTDeprecation
    - React-Core/Default
    - React-cxxreact
    - React-featureflags
    - React-hermes
    - React-jsi
    - React-jsiexecutor
    - React-jsinspector
    - React-perflogger
    - React-runtimescheduler
    - React-utils
    - SocketRocket (= 0.7.1)
    - Yoga
  - React-Core/RCTBlobHeaders (0.76.9):
    - glog
    - hermes-engine
    - RCT-Folly (= 2024.10.14.00)
    - RCTDeprecation
    - React-Core/Default
    - React-cxxreact
    - React-featureflags
    - React-hermes
    - React-jsi
    - React-jsiexecutor
    - React-jsinspector
    - React-perflogger
    - React-runtimescheduler
    - React-utils
    - SocketRocket (= 0.7.1)
    - Yoga
  - React-Core/RCTImageHeaders (0.76.9):
    - glog
    - hermes-engine
    - RCT-Folly (= 2024.10.14.00)
    - RCTDeprecation
    - React-Core/Default
    - React-cxxreact
    - React-featureflags
    - React-hermes
    - React-jsi
    - React-jsiexecutor
    - React-jsinspector
    - React-perflogger
    - React-runtimescheduler
    - React-utils
    - SocketRocket (= 0.7.1)
    - Yoga
  - React-Core/RCTLinkingHeaders (0.76.9):
    - glog
    - hermes-engine
    - RCT-Folly (= 2024.10.14.00)
    - RCTDeprecation
    - React-Core/Default
    - React-cxxreact
    - React-featureflags
    - React-hermes
    - React-jsi
    - React-jsiexecutor
    - React-jsinspector
    - React-perflogger
    - React-runtimescheduler
    - React-utils
    - SocketRocket (= 0.7.1)
    - Yoga
  - React-Core/RCTNetworkHeaders (0.76.9):
    - glog
    - hermes-engine
    - RCT-Folly (= 2024.10.14.00)
    - RCTDeprecation
    - React-Core/Default
    - React-cxxreact
    - React-featureflags
    - React-hermes
    - React-jsi
    - React-jsiexecutor
    - React-jsinspector
    - React-perflogger
    - React-runtimescheduler
    - React-utils
    - SocketRocket (= 0.7.1)
    - Yoga
  - React-Core/RCTSettingsHeaders (0.76.9):
    - glog
    - hermes-engine
    - RCT-Folly (= 2024.10.14.00)
    - RCTDeprecation
    - React-Core/Default
    - React-cxxreact
    - React-featureflags
    - React-hermes
    - React-jsi
    - React-jsiexecutor
    - React-jsinspector
    - React-perflogger
    - React-runtimescheduler
    - React-utils
    - SocketRocket (= 0.7.1)
    - Yoga
  - React-Core/RCTTextHeaders (0.76.9):
    - glog
    - hermes-engine
    - RCT-Folly (= 2024.10.14.00)
    - RCTDeprecation
    - React-Core/Default
    - React-cxxreact
    - React-featureflags
    - React-hermes
    - React-jsi
    - React-jsiexecutor
    - React-jsinspector
    - React-perflogger
    - React-runtimescheduler
    - React-utils
    - SocketRocket (= 0.7.1)
    - Yoga
  - React-Core/RCTVibrationHeaders (0.76.9):
    - glog
    - hermes-engine
    - RCT-Folly (= 2024.10.14.00)
    - RCTDeprecation
    - React-Core/Default
    - React-cxxreact
    - React-featureflags
    - React-hermes
    - React-jsi
    - React-jsiexecutor
    - React-jsinspector
    - React-perflogger
    - React-runtimescheduler
    - React-utils
    - SocketRocket (= 0.7.1)
    - Yoga
  - React-Core/RCTWebSocket (0.76.9):
    - glog
    - hermes-engine
    - RCT-Folly (= 2024.10.14.00)
    - RCTDeprecation
    - React-Core/Default (= 0.76.9)
    - React-cxxreact
    - React-featureflags
    - React-hermes
    - React-jsi
    - React-jsiexecutor
    - React-jsinspector
    - React-perflogger
    - React-runtimescheduler
    - React-utils
    - SocketRocket (= 0.7.1)
    - Yoga
  - React-CoreModules (0.76.9):
    - DoubleConversion
    - fast_float
    - fmt
    - RCT-Folly
    - RCTTypeSafety
    - React-Core/CoreModulesHeaders
    - React-jsi
    - React-jsinspector
    - React-NativeModulesApple
    - React-RCTBlob
    - React-RCTImage
    - ReactCodegen
    - ReactCommon
    - SocketRocket
  - React-cxxreact (0.76.9):
    - boost
    - DoubleConversion
    - fast_float
    - fmt
    - glog
    - hermes-engine
    - RCT-Folly
    - React-callinvoker
    - React-debug
    - React-jsi
    - React-jsinspector
    - React-logger
    - React-perflogger
    - React-runtimeexecutor
    - React-timing
  - React-debug (0.76.9)
  - React-defaultsnativemodule (0.76.9):
    - DoubleConversion
    - glog
    - hermes-engine
    - RCT-Folly (= 2024.10.14.00)
    - RCTRequired
    - RCTTypeSafety
    - React-Core
    - React-debug
    - React-domnativemodule
    - React-Fabric
    - React-featureflags
    - React-featureflagsnativemodule
    - React-graphics
    - React-idlecallbacksnativemodule
    - React-ImageManager
    - React-microtasksnativemodule
    - React-NativeModulesApple
    - React-RCTFabric
    - React-rendererdebug
    - React-utils
    - ReactCodegen
    - ReactCommon/turbomodule/bridging
    - ReactCommon/turbomodule/core
    - Yoga
  - React-domnativemodule (0.76.9):
    - DoubleConversion
    - glog
    - hermes-engine
    - RCT-Folly (= 2024.10.14.00)
    - RCTRequired
    - RCTTypeSafety
    - React-Core
    - React-debug
    - React-Fabric
    - React-FabricComponents
    - React-featureflags
    - React-graphics
    - React-ImageManager
    - React-NativeModulesApple
    - React-RCTFabric
    - React-rendererdebug
    - React-utils
    - ReactCodegen
    - ReactCommon/turbomodule/bridging
    - ReactCommon/turbomodule/core
    - Yoga
  - React-Fabric (0.76.9):
    - DoubleConversion
    - fast_float
    - fmt
    - glog
    - hermes-engine
    - RCT-Folly/Fabric (= 2024.10.14.00)
    - RCTRequired
    - RCTTypeSafety
    - React-Core
    - React-cxxreact
    - React-debug
    - React-Fabric/animations (= 0.76.9)
    - React-Fabric/attributedstring (= 0.76.9)
    - React-Fabric/componentregistry (= 0.76.9)
    - React-Fabric/componentregistrynative (= 0.76.9)
    - React-Fabric/components (= 0.76.9)
    - React-Fabric/core (= 0.76.9)
    - React-Fabric/dom (= 0.76.9)
    - React-Fabric/imagemanager (= 0.76.9)
    - React-Fabric/leakchecker (= 0.76.9)
    - React-Fabric/mounting (= 0.76.9)
    - React-Fabric/observers (= 0.76.9)
    - React-Fabric/scheduler (= 0.76.9)
    - React-Fabric/telemetry (= 0.76.9)
    - React-Fabric/templateprocessor (= 0.76.9)
    - React-Fabric/uimanager (= 0.76.9)
    - React-featureflags
    - React-graphics
    - React-jsi
    - React-jsiexecutor
    - React-logger
    - React-rendererdebug
    - React-runtimescheduler
    - React-utils
    - ReactCommon/turbomodule/core
  - React-FabricComponents (0.76.9):
    - DoubleConversion
    - fast_float
    - fmt
    - glog
    - hermes-engine
    - RCT-Folly/Fabric (= 2024.10.14.00)
    - RCTRequired
    - RCTTypeSafety
    - React-Core
    - React-cxxreact
    - React-debug
    - React-Fabric
    - React-FabricComponents/components (= 0.76.9)
    - React-FabricComponents/textlayoutmanager (= 0.76.9)
    - React-featureflags
    - React-graphics
    - React-jsi
    - React-jsiexecutor
    - React-logger
    - React-rendererdebug
    - React-runtimescheduler
    - React-utils
    - ReactCodegen
    - ReactCommon/turbomodule/core
    - Yoga
  - React-FabricImage (0.76.9):
    - DoubleConversion
    - fast_float
    - fmt
    - glog
    - hermes-engine
    - RCT-Folly/Fabric
    - RCTRequired
    - RCTTypeSafety
    - React-Fabric
    - React-graphics
    - React-ImageManager
    - React-jsi
    - React-jsiexecutor
    - React-logger
    - React-rendererdebug
    - React-utils
    - ReactCommon
    - Yoga
  - React-featureflags (0.76.9)
  - React-featureflagsnativemodule (0.76.9):
    - DoubleConversion
    - glog
    - hermes-engine
    - RCT-Folly (= 2024.10.14.00)
    - RCTRequired
    - RCTTypeSafety
    - React-Core
    - React-debug
    - React-Fabric
    - React-featureflags
    - React-graphics
    - React-ImageManager
    - React-NativeModulesApple
    - React-RCTFabric
    - React-rendererdebug
    - React-utils
    - ReactCodegen
    - ReactCommon/turbomodule/bridging
    - ReactCommon/turbomodule/core
    - Yoga
  - React-graphics (0.76.9):
    - DoubleConversion
    - fast_float
    - fmt
    - glog
    - RCT-Folly/Fabric
    - React-jsi
    - React-jsiexecutor
    - React-utils
  - React-hermes (0.76.9):
    - DoubleConversion
    - fast_float
    - fmt
    - glog
    - hermes-engine
    - RCT-Folly
    - React-cxxreact
    - React-jsi
    - React-jsiexecutor
    - React-jsinspector
    - React-perflogger
    - React-runtimeexecutor
  - React-idlecallbacksnativemodule (0.76.9):
    - DoubleConversion
    - glog
    - hermes-engine
    - RCT-Folly (= 2024.10.14.00)
    - RCTRequired
    - RCTTypeSafety
    - React-Core
    - React-debug
    - React-Fabric
    - React-featureflags
    - React-graphics
    - React-ImageManager
    - React-NativeModulesApple
    - React-RCTFabric
    - React-rendererdebug
    - React-runtimescheduler
    - React-utils
    - ReactCodegen
    - ReactCommon/turbomodule/bridging
    - ReactCommon/turbomodule/core
    - Yoga
  - React-ImageManager (0.76.9):
    - glog
    - RCT-Folly/Fabric
    - React-Core/Default
    - React-debug
    - React-Fabric
    - React-graphics
    - React-rendererdebug
    - React-utils
  - React-jserrorhandler (0.76.9):
    - glog
    - hermes-engine
    - RCT-Folly/Fabric (= 2024.10.14.00)
    - React-cxxreact
    - React-debug
    - React-jsi
  - React-jsi (0.76.9):
    - boost
    - DoubleConversion
    - fast_float
    - fmt
    - glog
    - hermes-engine
    - RCT-Folly
  - React-jsiexecutor (0.76.9):
    - DoubleConversion
    - fast_float
    - fmt
    - glog
    - hermes-engine
    - RCT-Folly
    - React-cxxreact
    - React-jsi
    - React-jsinspector
    - React-perflogger
  - React-jsinspector (0.76.9):
    - DoubleConversion
    - glog
    - hermes-engine
    - RCT-Folly
    - React-featureflags
    - React-jsi
    - React-perflogger
    - React-runtimeexecutor
  - React-jsitracing (0.76.9):
    - React-jsi
  - React-logger (0.76.9):
    - glog
  - React-Mapbuffer (0.76.9):
    - glog
    - React-debug
  - React-microtasksnativemodule (0.76.9):
    - DoubleConversion
    - glog
    - hermes-engine
    - RCT-Folly (= 2024.10.14.00)
    - RCTRequired
    - RCTTypeSafety
    - React-Core
    - React-debug
    - React-Fabric
    - React-featureflags
    - React-graphics
    - React-ImageManager
    - React-NativeModulesApple
    - React-RCTFabric
    - React-rendererdebug
    - React-utils
    - ReactCodegen
    - ReactCommon/turbomodule/bridging
    - ReactCommon/turbomodule/core
    - Yoga
  - react-native-blur (4.4.1):
    - DoubleConversion
    - glog
    - hermes-engine
    - RCT-Folly (= 2024.10.14.00)
    - RCTRequired
    - RCTTypeSafety
    - React-Core
    - React-debug
    - React-Fabric
    - React-featureflags
    - React-graphics
    - React-ImageManager
    - React-NativeModulesApple
    - React-RCTFabric
    - React-rendererdebug
    - React-utils
    - ReactCodegen
    - ReactCommon/turbomodule/bridging
    - ReactCommon/turbomodule/core
    - Yoga
  - react-native-config (1.5.9):
    - react-native-config/App (= 1.5.9)
  - react-native-config/App (1.5.9):
    - React-Core
  - react-native-document-picker (9.3.1):
    - DoubleConversion
    - glog
    - hermes-engine
    - RCT-Folly (= 2024.10.14.00)
    - RCTRequired
    - RCTTypeSafety
    - React-Core
    - React-debug
    - React-Fabric
    - React-featureflags
    - React-graphics
    - React-ImageManager
    - React-NativeModulesApple
    - React-RCTFabric
    - React-rendererdebug
    - React-utils
    - ReactCodegen
    - ReactCommon/turbomodule/bridging
    - ReactCommon/turbomodule/core
    - Yoga
  - react-native-geolocation-service (5.3.1):
    - React
  - react-native-image-picker (8.2.1):
    - DoubleConversion
    - glog
    - hermes-engine
    - RCT-Folly (= 2024.10.14.00)
    - RCTRequired
    - RCTTypeSafety
    - React-Core
    - React-debug
    - React-Fabric
    - React-featureflags
    - React-graphics
    - React-ImageManager
    - React-NativeModulesApple
    - React-RCTFabric
    - React-rendererdebug
    - React-utils
    - ReactCodegen
    - ReactCommon/turbomodule/bridging
    - ReactCommon/turbomodule/core
    - Yoga
  - react-native-maps (1.10.0):
    - React-Core
  - react-native-safe-area-context (5.6.1):
    - React-Core
  - react-native-webview (13.16.0):
    - DoubleConversion
    - glog
    - hermes-engine
    - RCT-Folly (= 2024.10.14.00)
    - RCTRequired
    - RCTTypeSafety
    - React-Core
    - React-debug
    - React-Fabric
    - React-featureflags
    - React-graphics
    - React-ImageManager
    - React-NativeModulesApple
    - React-RCTFabric
    - React-rendererdebug
    - React-utils
    - ReactCodegen
    - ReactCommon/turbomodule/bridging
    - ReactCommon/turbomodule/core
    - Yoga
  - React-nativeconfig (0.76.9)
  - React-NativeModulesApple (0.76.9):
    - glog
    - hermes-engine
    - React-callinvoker
    - React-Core
    - React-cxxreact
    - React-jsi
    - React-jsinspector
    - React-runtimeexecutor
    - ReactCommon/turbomodule/bridging
    - ReactCommon/turbomodule/core
  - React-perflogger (0.76.9):
    - DoubleConversion
    - RCT-Folly (= 2024.10.14.00)
  - React-performancetimeline (0.76.9):
    - RCT-Folly (= 2024.10.14.00)
    - React-cxxreact
    - React-timing
  - React-RCTActionSheet (0.76.9):
    - React-Core/RCTActionSheetHeaders (= 0.76.9)
  - React-RCTAnimation (0.76.9):
    - RCT-Folly (= 2024.10.14.00)
    - RCTTypeSafety
    - React-Core/RCTAnimationHeaders
    - React-jsi
    - React-NativeModulesApple
    - ReactCodegen
    - ReactCommon
  - React-RCTAppDelegate (0.76.9):
    - RCT-Folly (= 2024.10.14.00)
    - RCTRequired
    - RCTTypeSafety
    - React-Core
    - React-CoreModules
    - React-debug
    - React-defaultsnativemodule
    - React-Fabric
    - React-featureflags
    - React-graphics
    - React-hermes
    - React-nativeconfig
    - React-NativeModulesApple
    - React-RCTFabric
    - React-RCTImage
    - React-RCTNetwork
    - React-rendererdebug
    - React-RuntimeApple
    - React-RuntimeCore
    - React-RuntimeHermes
    - React-runtimescheduler
    - React-utils
    - ReactCodegen
    - ReactCommon
  - React-RCTBlob (0.76.9):
    - DoubleConversion
    - fast_float
    - fmt
    - hermes-engine
    - RCT-Folly (= 2024.10.14.00)
    - React-Core/RCTBlobHeaders
    - React-Core/RCTWebSocket
    - React-jsi
    - React-jsinspector
    - React-NativeModulesApple
    - React-RCTNetwork
    - ReactCodegen
    - ReactCommon
  - React-RCTFabric (0.76.9):
    - glog
    - hermes-engine
    - RCT-Folly/Fabric (= 2024.10.14.00)
    - React-Core
    - React-debug
    - React-Fabric
    - React-FabricComponents
    - React-FabricImage
    - React-featureflags
    - React-graphics
    - React-ImageManager
    - React-jsi
    - React-jsinspector
    - React-nativeconfig
    - React-performancetimeline
    - React-RCTImage
    - React-RCTText
    - React-rendererconsistency
    - React-rendererdebug
    - React-runtimescheduler
    - React-utils
    - Yoga
  - React-RCTImage (0.76.9):
    - RCT-Folly (= 2024.10.14.00)
    - RCTTypeSafety
    - React-Core/RCTImageHeaders
    - React-jsi
    - React-NativeModulesApple
    - React-RCTNetwork
    - ReactCodegen
    - ReactCommon
  - React-RCTLinking (0.76.9):
    - React-Core/RCTLinkingHeaders (= 0.76.9)
    - React-jsi (= 0.76.9)
    - React-NativeModulesApple
    - ReactCodegen
    - ReactCommon
    - ReactCommon/turbomodule/core (= 0.76.9)
  - React-RCTNetwork (0.76.9):
    - RCT-Folly (= 2024.10.14.00)
    - RCTTypeSafety
    - React-Core/RCTNetworkHeaders
    - React-jsi
    - React-NativeModulesApple
    - ReactCodegen
    - ReactCommon
  - React-RCTSettings (0.76.9):
    - RCT-Folly (= 2024.10.14.00)
    - RCTTypeSafety
    - React-Core/RCTSettingsHeaders
    - React-jsi
    - React-NativeModulesApple
    - ReactCodegen
    - ReactCommon
  - React-RCTText (0.76.9):
    - React-Core/RCTTextHeaders (= 0.76.9)
    - Yoga
  - React-RCTVibration (0.76.9):
    - RCT-Folly (= 2024.10.14.00)
    - React-Core/RCTVibrationHeaders
    - React-jsi
    - React-NativeModulesApple
    - ReactCodegen
    - ReactCommon
  - React-rendererconsistency (0.76.9)
  - React-rendererdebug (0.76.9):
    - DoubleConversion
    - fast_float
    - fmt
    - RCT-Folly
    - React-debug
  - React-rncore (0.76.9)
  - React-RuntimeApple (0.76.9):
    - hermes-engine
    - RCT-Folly/Fabric (= 2024.10.14.00)
    - React-callinvoker
    - React-Core/Default
    - React-CoreModules
    - React-cxxreact
    - React-jserrorhandler
    - React-jsi
    - React-jsiexecutor
    - React-jsinspector
    - React-Mapbuffer
    - React-NativeModulesApple
    - React-RCTFabric
    - React-RuntimeCore
    - React-runtimeexecutor
    - React-RuntimeHermes
    - React-runtimescheduler
    - React-utils
  - React-RuntimeCore (0.76.9):
    - glog
    - hermes-engine
    - RCT-Folly/Fabric (= 2024.10.14.00)
    - React-cxxreact
    - React-featureflags
    - React-jserrorhandler
    - React-jsi
    - React-jsiexecutor
    - React-jsinspector
    - React-performancetimeline
    - React-runtimeexecutor
    - React-runtimescheduler
    - React-utils
  - React-runtimeexecutor (0.76.9):
    - React-jsi (= 0.76.9)
  - React-RuntimeHermes (0.76.9):
    - hermes-engine
    - RCT-Folly/Fabric (= 2024.10.14.00)
    - React-featureflags
    - React-hermes
    - React-jsi
    - React-jsinspector
    - React-jsitracing
    - React-nativeconfig
    - React-RuntimeCore
    - React-utils
  - React-runtimescheduler (0.76.9):
    - glog
    - hermes-engine
    - RCT-Folly (= 2024.10.14.00)
    - React-callinvoker
    - React-cxxreact
    - React-debug
    - React-featureflags
    - React-jsi
    - React-performancetimeline
    - React-rendererconsistency
    - React-rendererdebug
    - React-runtimeexecutor
    - React-timing
    - React-utils
  - React-timing (0.76.9)
  - React-utils (0.76.9):
    - glog
    - hermes-engine
    - RCT-Folly (= 2024.10.14.00)
    - React-debug
    - React-jsi (= 0.76.9)
  - ReactCodegen (0.76.9):
    - DoubleConversion
    - glog
    - hermes-engine
    - RCT-Folly
    - RCTRequired
    - RCTTypeSafety
    - React-Core
    - React-debug
    - React-Fabric
    - React-FabricImage
    - React-featureflags
    - React-graphics
    - React-jsi
    - React-jsiexecutor
    - React-NativeModulesApple
    - React-rendererdebug
    - React-utils
    - ReactCommon/turbomodule/bridging
    - ReactCommon/turbomodule/core
  - ReactCommon (0.76.9):
    - ReactCommon/turbomodule (= 0.76.9)
  - ReactCommon/turbomodule/bridging (0.76.9):
    - DoubleConversion
    - fast_float
    - fmt
    - glog
    - hermes-engine
    - RCT-Folly
    - React-callinvoker
    - React-cxxreact
    - React-jsi (= 0.76.9)
    - React-logger
    - React-perflogger
  - ReactCommon/turbomodule/core (0.76.9):
    - DoubleConversion
    - fast_float
    - fmt
    - glog
    - hermes-engine
    - RCT-Folly
    - React-callinvoker
    - React-cxxreact
    - React-debug (= 0.76.9)
    - React-featureflags (= 0.76.9)
    - React-jsi
    - React-logger
    - React-perflogger
    - React-utils (= 0.76.9)
  - RNCAsyncStorage (2.2.0):
    - React-Core
  - RNCPicker (2.11.4):
    - React-Core
  - RNDateTimePicker (8.4.5):
    - React-Core
  - RNDeviceInfo (14.1.1):
    - React-Core
  - RNGestureHandler (2.20.2):
    - DoubleConversion
    - glog
    - hermes-engine
    - RCT-Folly (= 2024.10.14.00)
    - RCTRequired
    - RCTTypeSafety
    - React-Core
    - React-debug
    - React-Fabric
    - React-featureflags
    - React-graphics
    - React-ImageManager
    - React-NativeModulesApple
    - React-RCTFabric
    - React-rendererdebug
    - React-utils
    - ReactCodegen
    - ReactCommon/turbomodule/bridging
    - ReactCommon/turbomodule/core
    - Yoga
  - RNGoogleSignin (16.0.0):
    - GoogleSignIn (~> 9.0)
    - React-Core
  - RNPermissions (5.4.2):
    - React-Core
  - RNReactNativeHapticFeedback (2.3.3):
    - DoubleConversion
    - glog
    - hermes-engine
    - RCT-Folly (= 2024.10.14.00)
    - RCTRequired
    - RCTTypeSafety
    - React-Core
    - React-debug
    - React-Fabric
    - React-featureflags
    - React-graphics
    - React-ImageManager
    - React-NativeModulesApple
    - React-RCTFabric
    - React-rendererdebug
    - React-utils
    - ReactCodegen
    - ReactCommon/turbomodule/bridging
    - ReactCommon/turbomodule/core
    - Yoga
  - RNScreens (4.4.0):
    - DoubleConversion
    - glog
    - hermes-engine
    - RCT-Folly (= 2024.10.14.00)
    - RCTRequired
    - RCTTypeSafety
    - React-Core
    - React-debug
    - React-Fabric
    - React-featureflags
    - React-graphics
    - React-ImageManager
    - React-NativeModulesApple
    - React-RCTFabric
    - React-RCTImage
    - React-rendererdebug
    - React-utils
    - ReactCodegen
    - ReactCommon/turbomodule/bridging
    - ReactCommon/turbomodule/core
    - Yoga
  - RNSVG (15.14.0):
    - React-Core
  - RNVectorIcons (10.3.0):
    - DoubleConversion
    - glog
    - hermes-engine
    - RCT-Folly (= 2024.10.14.00)
    - RCTRequired
    - RCTTypeSafety
    - React-Core
    - React-debug
    - React-Fabric
    - React-featureflags
    - React-graphics
    - React-ImageManager
    - React-NativeModulesApple
    - React-RCTFabric
    - React-rendererdebug
    - React-utils
    - ReactCodegen
    - ReactCommon/turbomodule/bridging
    - ReactCommon/turbomodule/core
    - Yoga
  - SocketRocket (0.7.1)
  - Yoga (0.0.0)

DEPENDENCIES:
  - boost (from `../node_modules/react-native/third-party-podspecs/boost.podspec`)
  - DoubleConversion (from `../node_modules/react-native/third-party-podspecs/DoubleConversion.podspec`)
  - fast_float (from `../node_modules/react-native/third-party-podspecs/fast_float.podspec`)
  - FBLazyVector (from `../node_modules/react-native/Libraries/FBLazyVector`)
  - fmt (from `../node_modules/react-native/third-party-podspecs/fmt.podspec`)
  - glog (from `../node_modules/react-native/third-party-podspecs/glog.podspec`)
  - Google-Maps-iOS-Utils (~> 5.0.0)
  - GoogleMaps (~> 8.4.0)
  - hermes-engine (from `../node_modules/react-native/sdks/hermes-engine/hermes-engine.podspec`)
  - RCT-Folly (from `../node_modules/react-native/third-party-podspecs/RCT-Folly.podspec`)
  - RCT-Folly/Fabric (from `../node_modules/react-native/third-party-podspecs/RCT-Folly.podspec`)
  - RCTDeprecation (from `../node_modules/react-native/ReactApple/Libraries/RCTFoundation/RCTDeprecation`)
  - RCTRequired (from `../node_modules/react-native/Libraries/Required`)
  - RCTTypeSafety (from `../node_modules/react-native/Libraries/TypeSafety`)
  - React (from `../node_modules/react-native/`)
  - React-callinvoker (from `../node_modules/react-native/ReactCommon/callinvoker`)
  - React-Core (from `../node_modules/react-native/`)
  - React-Core/RCTWebSocket (from `../node_modules/react-native/`)
  - React-CoreModules (from `../node_modules/react-native/React/CoreModules`)
  - React-cxxreact (from `../node_modules/react-native/ReactCommon/cxxreact`)
  - React-debug (from `../node_modules/react-native/ReactCommon/react/debug`)
  - React-defaultsnativemodule (from `../node_modules/react-native/ReactCommon/react/nativemodule/defaults`)
  - React-domnativemodule (from `../node_modules/react-native/ReactCommon/react/nativemodule/dom`)
  - React-Fabric (from `../node_modules/react-native/ReactCommon`)
  - React-FabricComponents (from `../node_modules/react-native/ReactCommon`)
  - React-FabricImage (from `../node_modules/react-native/ReactCommon`)
  - React-featureflags (from `../node_modules/react-native/ReactCommon/react/featureflags`)
  - React-featureflagsnativemodule (from `../node_modules/react-native/ReactCommon/react/nativemodule/featureflags`)
  - React-graphics (from `../node_modules/react-native/ReactCommon/react/renderer/graphics`)
  - React-hermes (from `../node_modules/react-native/ReactCommon/hermes`)
  - React-idlecallbacksnativemodule (from `../node_modules/react-native/ReactCommon/react/nativemodule/idlecallbacks`)
  - React-ImageManager (from `../node_modules/react-native/ReactCommon/react/renderer/imagemanager/platform/ios`)
  - React-jserrorhandler (from `../node_modules/react-native/ReactCommon/jserrorhandler`)
  - React-jsi (from `../node_modules/react-native/ReactCommon/jsi`)
  - React-jsiexecutor (from `../node_modules/react-native/ReactCommon/jsiexecutor`)
  - React-jsinspector (from `../node_modules/react-native/ReactCommon/jsinspector-modern`)
  - React-jsitracing (from `../node_modules/react-native/ReactCommon/hermes/executor/`)
  - React-logger (from `../node_modules/react-native/ReactCommon/logger`)
  - React-Mapbuffer (from `../node_modules/react-native/ReactCommon`)
  - React-microtasksnativemodule (from `../node_modules/react-native/ReactCommon/react/nativemodule/microtasks`)
  - "react-native-blur (from `../node_modules/@react-native-community/blur`)"
  - react-native-config (from `../node_modules/react-native-config`)
  - react-native-document-picker (from `../node_modules/react-native-document-picker`)
  - react-native-geolocation-service (from `../node_modules/react-native-geolocation-service`)
  - react-native-image-picker (from `../node_modules/react-native-image-picker`)
  - react-native-maps (from `../node_modules/react-native-maps`)
  - react-native-safe-area-context (from `../node_modules/react-native-safe-area-context`)
  - react-native-webview (from `../node_modules/react-native-webview`)
  - React-nativeconfig (from `../node_modules/react-native/ReactCommon`)
  - React-NativeModulesApple (from `../node_modules/react-native/ReactCommon/react/nativemodule/core/platform/ios`)
  - React-perflogger (from `../node_modules/react-native/ReactCommon/reactperflogger`)
  - React-performancetimeline (from `../node_modules/react-native/ReactCommon/react/performance/timeline`)
  - React-RCTActionSheet (from `../node_modules/react-native/Libraries/ActionSheetIOS`)
  - React-RCTAnimation (from `../node_modules/react-native/Libraries/NativeAnimation`)
  - React-RCTAppDelegate (from `../node_modules/react-native/Libraries/AppDelegate`)
  - React-RCTBlob (from `../node_modules/react-native/Libraries/Blob`)
  - React-RCTFabric (from `../node_modules/react-native/React`)
  - React-RCTImage (from `../node_modules/react-native/Libraries/Image`)
  - React-RCTLinking (from `../node_modules/react-native/Libraries/LinkingIOS`)
  - React-RCTNetwork (from `../node_modules/react-native/Libraries/Network`)
  - React-RCTSettings (from `../node_modules/react-native/Libraries/Settings`)
  - React-RCTText (from `../node_modules/react-native/Libraries/Text`)
  - React-RCTVibration (from `../node_modules/react-native/Libraries/Vibration`)
  - React-rendererconsistency (from `../node_modules/react-native/ReactCommon/react/renderer/consistency`)
  - React-rendererdebug (from `../node_modules/react-native/ReactCommon/react/renderer/debug`)
  - React-rncore (from `../node_modules/react-native/ReactCommon`)
  - React-RuntimeApple (from `../node_modules/react-native/ReactCommon/react/runtime/platform/ios`)
  - React-RuntimeCore (from `../node_modules/react-native/ReactCommon/react/runtime`)
  - React-runtimeexecutor (from `../node_modules/react-native/ReactCommon/runtimeexecutor`)
  - React-RuntimeHermes (from `../node_modules/react-native/ReactCommon/react/runtime`)
  - React-runtimescheduler (from `../node_modules/react-native/ReactCommon/react/renderer/runtimescheduler`)
  - React-timing (from `../node_modules/react-native/ReactCommon/react/timing`)
  - React-utils (from `../node_modules/react-native/ReactCommon/react/utils`)
  - ReactCodegen (from `build/generated/ios`)
  - ReactCommon/turbomodule/core (from `../node_modules/react-native/ReactCommon`)
  - "RNCAsyncStorage (from `../node_modules/@react-native-async-storage/async-storage`)"
  - "RNCPicker (from `../node_modules/@react-native-picker/picker`)"
  - "RNDateTimePicker (from `../node_modules/@react-native-community/datetimepicker`)"
  - RNDeviceInfo (from `../node_modules/react-native-device-info`)
  - RNGestureHandler (from `../node_modules/react-native-gesture-handler`)
  - "RNGoogleSignin (from `../node_modules/@react-native-google-signin/google-signin`)"
  - RNPermissions (from `../node_modules/react-native-permissions`)
  - RNReactNativeHapticFeedback (from `../node_modules/react-native-haptic-feedback`)
  - RNScreens (from `../node_modules/react-native-screens`)
  - RNSVG (from `../node_modules/react-native-svg`)
  - RNVectorIcons (from `../node_modules/react-native-vector-icons`)
  - Yoga (from `../node_modules/react-native/ReactCommon/yoga`)

SPEC REPOS:
  trunk:
    - AppAuth
    - AppCheckCore
    - Google-Maps-iOS-Utils
    - GoogleMaps
    - GoogleSignIn
    - GoogleUtilities
    - GTMAppAuth
    - GTMSessionFetcher
    - PromisesObjC
    - SocketRocket

EXTERNAL SOURCES:
  boost:
    :podspec: "../node_modules/react-native/third-party-podspecs/boost.podspec"
  DoubleConversion:
    :podspec: "../node_modules/react-native/third-party-podspecs/DoubleConversion.podspec"
  fast_float:
    :podspec: "../node_modules/react-native/third-party-podspecs/fast_float.podspec"
  FBLazyVector:
    :path: "../node_modules/react-native/Libraries/FBLazyVector"
  fmt:
    :podspec: "../node_modules/react-native/third-party-podspecs/fmt.podspec"
  glog:
    :podspec: "../node_modules/react-native/third-party-podspecs/glog.podspec"
  hermes-engine:
    :podspec: "../node_modules/react-native/sdks/hermes-engine/hermes-engine.podspec"
    :tag: hermes-2024-11-12-RNv0.76.2-5b4aa20c719830dcf5684832b89a6edb95ac3d64
  RCT-Folly:
    :podspec: "../node_modules/react-native/third-party-podspecs/RCT-Folly.podspec"
  RCTDeprecation:
    :path: "../node_modules/react-native/ReactApple/Libraries/RCTFoundation/RCTDeprecation"
  RCTRequired:
    :path: "../node_modules/react-native/Libraries/Required"
  RCTTypeSafety:
    :path: "../node_modules/react-native/Libraries/TypeSafety"
  React:
    :path: "../node_modules/react-native/"
  React-callinvoker:
    :path: "../node_modules/react-native/ReactCommon/callinvoker"
  React-Core:
    :path: "../node_modules/react-native/"
  React-CoreModules:
    :path: "../node_modules/react-native/React/CoreModules"
  React-cxxreact:
    :path: "../node_modules/react-native/ReactCommon/cxxreact"
  React-debug:
    :path: "../node_modules/react-native/ReactCommon/react/debug"
  React-defaultsnativemodule:
    :path: "../node_modules/react-native/ReactCommon/react/nativemodule/defaults"
  React-domnativemodule:
    :path: "../node_modules/react-native/ReactCommon/react/nativemodule/dom"
  React-Fabric:
    :path: "../node_modules/react-native/ReactCommon"
  React-FabricComponents:
    :path: "../node_modules/react-native/ReactCommon"
  React-FabricImage:
    :path: "../node_modules/react-native/ReactCommon"
  React-featureflags:
    :path: "../node_modules/react-native/ReactCommon/react/featureflags"
  React-featureflagsnativemodule:
    :path: "../node_modules/react-native/ReactCommon/react/nativemodule/featureflags"
  React-graphics:
    :path: "../node_modules/react-native/ReactCommon/react/renderer/graphics"
  React-hermes:
    :path: "../node_modules/react-native/ReactCommon/hermes"
  React-idlecallbacksnativemodule:
    :path: "../node_modules/react-native/ReactCommon/react/nativemodule/idlecallbacks"
  React-ImageManager:
    :path: "../node_modules/react-native/ReactCommon/react/renderer/imagemanager/platform/ios"
  React-jserrorhandler:
    :path: "../node_modules/react-native/ReactCommon/jserrorhandler"
  React-jsi:
    :path: "../node_modules/react-native/ReactCommon/jsi"
  React-jsiexecutor:
    :path: "../node_modules/react-native/ReactCommon/jsiexecutor"
  React-jsinspector:
    :path: "../node_modules/react-native/ReactCommon/jsinspector-modern"
  React-jsitracing:
    :path: "../node_modules/react-native/ReactCommon/hermes/executor/"
  React-logger:
    :path: "../node_modules/react-native/ReactCommon/logger"
  React-Mapbuffer:
    :path: "../node_modules/react-native/ReactCommon"
  React-microtasksnativemodule:
    :path: "../node_modules/react-native/ReactCommon/react/nativemodule/microtasks"
  react-native-blur:
    :path: "../node_modules/@react-native-community/blur"
  react-native-config:
    :path: "../node_modules/react-native-config"
  react-native-document-picker:
    :path: "../node_modules/react-native-document-picker"
  react-native-geolocation-service:
    :path: "../node_modules/react-native-geolocation-service"
  react-native-image-picker:
    :path: "../node_modules/react-native-image-picker"
  react-native-maps:
    :path: "../node_modules/react-native-maps"
  react-native-safe-area-context:
    :path: "../node_modules/react-native-safe-area-context"
  react-native-webview:
    :path: "../node_modules/react-native-webview"
  React-nativeconfig:
    :path: "../node_modules/react-native/ReactCommon"
  React-NativeModulesApple:
    :path: "../node_modules/react-native/ReactCommon/react/nativemodule/core/platform/ios"
  React-perflogger:
    :path: "../node_modules/react-native/ReactCommon/reactperflogger"
  React-performancetimeline:
    :path: "../node_modules/react-native/ReactCommon/react/performance/timeline"
  React-RCTActionSheet:
    :path: "../node_modules/react-native/Libraries/ActionSheetIOS"
  React-RCTAnimation:
    :path: "../node_modules/react-native/Libraries/NativeAnimation"
  React-RCTAppDelegate:
    :path: "../node_modules/react-native/Libraries/AppDelegate"
  React-RCTBlob:
    :path: "../node_modules/react-native/Libraries/Blob"
  React-RCTFabric:
    :path: "../node_modules/react-native/React"
  React-RCTImage:
    :path: "../node_modules/react-native/Libraries/Image"
  React-RCTLinking:
    :path: "../node_modules/react-native/Libraries/LinkingIOS"
  React-RCTNetwork:
    :path: "../node_modules/react-native/Libraries/Network"
  React-RCTSettings:
    :path: "../node_modules/react-native/Libraries/Settings"
  React-RCTText:
    :path: "../node_modules/react-native/Libraries/Text"
  React-RCTVibration:
    :path: "../node_modules/react-native/Libraries/Vibration"
  React-rendererconsistency:
    :path: "../node_modules/react-native/ReactCommon/react/renderer/consistency"
  React-rendererdebug:
    :path: "../node_modules/react-native/ReactCommon/react/renderer/debug"
  React-rncore:
    :path: "../node_modules/react-native/ReactCommon"
  React-RuntimeApple:
    :path: "../node_modules/react-native/ReactCommon/react/runtime/platform/ios"
  React-RuntimeCore:
    :path: "../node_modules/react-native/ReactCommon/react/runtime"
  React-runtimeexecutor:
    :path: "../node_modules/react-native/ReactCommon/runtimeexecutor"
  React-RuntimeHermes:
    :path: "../node_modules/react-native/ReactCommon/react/runtime"
  React-runtimescheduler:
    :path: "../node_modules/react-native/ReactCommon/react/renderer/runtimescheduler"
  React-timing:
    :path: "../node_modules/react-native/ReactCommon/react/timing"
  React-utils:
    :path: "../node_modules/react-native/ReactCommon/react/utils"
  ReactCodegen:
    :path: build/generated/ios
  ReactCommon:
    :path: "../node_modules/react-native/ReactCommon"
  RNCAsyncStorage:
    :path: "../node_modules/@react-native-async-storage/async-storage"
  RNCPicker:
    :path: "../node_modules/@react-native-picker/picker"
  RNDateTimePicker:
    :path: "../node_modules/@react-native-community/datetimepicker"
  RNDeviceInfo:
    :path: "../node_modules/react-native-device-info"
  RNGestureHandler:
    :path: "../node_modules/react-native-gesture-handler"
  RNGoogleSignin:
    :path: "../node_modules/@react-native-google-signin/google-signin"
  RNPermissions:
    :path: "../node_modules/react-native-permissions"
  RNReactNativeHapticFeedback:
    :path: "../node_modules/react-native-haptic-feedback"
  RNScreens:
    :path: "../node_modules/react-native-screens"
  RNSVG:
    :path: "../node_modules/react-native-svg"
  RNVectorIcons:
    :path: "../node_modules/react-native-vector-icons"
  Yoga:
    :path: "../node_modules/react-native/ReactCommon/yoga"

SPEC CHECKSUMS:
  AppAuth: 1c1a8afa7e12f2ec3a294d9882dfa5ab7d3cb063
  AppCheckCore: cc8fd0a3a230ddd401f326489c99990b013f0c4f
  boost: 1dca942403ed9342f98334bf4c3621f011aa7946
  DoubleConversion: f16ae600a246532c4020132d54af21d0ddb2a385
  fast_float: 06eeec4fe712a76acc9376682e4808b05ce978b6
  FBLazyVector: 7605ea4810e0e10ae4815292433c09bf4324ba45
  fmt: 01b82d4ca6470831d1cc0852a1af644be019e8f6
  glog: 08b301085f15bcbb6ff8632a8ebaf239aae04e6a
  Google-Maps-iOS-Utils: 66d6de12be1ce6d3742a54661e7a79cb317a9321
  GoogleMaps: 8939898920281c649150e0af74aa291c60f2e77d
  GoogleSignIn: c7f09cfbc85a1abf69187be091997c317cc33b77
  GoogleUtilities: 00c88b9a86066ef77f0da2fab05f65d7768ed8e1
  GTMAppAuth: 217a876b249c3c585a54fd6f73e6b58c4f5c4238
  GTMSessionFetcher: 5aea5ba6bd522a239e236100971f10cb71b96ab6
  hermes-engine: 9e868dc7be781364296d6ee2f56d0c1a9ef0bb11
  PromisesObjC: f5707f49cb48b9636751c5b2e7d227e43fba9f47
  RCT-Folly: ea9d9256ba7f9322ef911169a9f696e5857b9e17
  RCTDeprecation: ebe712bb05077934b16c6bf25228bdec34b64f83
  RCTRequired: ca91e5dd26b64f577b528044c962baf171c6b716
  RCTTypeSafety: e7678bd60850ca5a41df9b8dc7154638cb66871f
  React: 4641770499c39f45d4e7cde1eba30e081f9d8a3d
  React-callinvoker: 4bef67b5c7f3f68db5929ab6a4d44b8a002998ea
  React-Core: a68cea3e762814e60ecc3fa521c7f14c36c99245
  React-CoreModules: d81b1eaf8066add66299bab9d23c9f00c9484c7c
  React-cxxreact: 984f8b1feeca37181d4e95301fcd6f5f6501c6ab
  React-debug: f1956672cf545729afb71ef838a9789c2a9088f5
  React-defaultsnativemodule: 30db2698d8b37831cf97098978ddc8ea97251898
  React-domnativemodule: 1c018f599b60aa292d764bcee1c52716919940c6
  React-Fabric: f637bbb636e3348a66d269f179cd39be1d31ee3d
  React-FabricComponents: 9542268e7cc59a49f0c2c1906d8ab9729a979b5a
  React-FabricImage: e2f72efe22e23ff3740502553614f1c2d86132c9
  React-featureflags: dc9c91fcd6a75cc95bd7fec184d0be8ad0f26db5
  React-featureflagsnativemodule: 1c6ca282bd47de71a16420e29e7de28d46e59110
  React-graphics: 85866d95589b775bcb5f02946a96e948f53088f1
  React-hermes: ac0bcba26a5d288ebc99b500e1097da2d0297ddf
  React-idlecallbacksnativemodule: d8e52f9e2bbc15f57714a6def9ba7ecea0f59f9f
  React-ImageManager: 5b3843bea322e4884400f1d78cfde7c435c374bc
  React-jserrorhandler: 23161cf9fef2da6d56bf5cfda14f4abc8d62b286
  React-jsi: 496fa2b9d63b726aeb07d0ac800064617d71211d
  React-jsiexecutor: dd22ab48371b80f37a0a30d0e8915b6d0f43a893
  React-jsinspector: 3f8d148785a57f082e71382657c5fbe1be75bcdf
  React-jsitracing: 69456514c86311eb042d824e4cf69f9b524b5b97
  React-logger: c4052eb941cca9a097ef01b59543a656dc088559
  React-Mapbuffer: 9343a5c14536d4463c80f09a960653d754daae21
  React-microtasksnativemodule: 338bfa0a7d8cd1ed212b055f2143a6789252137a
  react-native-blur: 78f5aa935099b1698d5ae85c8b53b8ed4bae1e87
  react-native-config: d08b60865268872495a43e211059b4606131fe01
  react-native-document-picker: 81d00edb1cbbc18b1b0b92e762600c39ae523d7b
  react-native-geolocation-service: 32b2c2a3b91e70ce2a8d0c684801aaeb0a07e0ec
  react-native-image-picker: ade029455b91f8d75fdb611bae38fb4c35170c78
  react-native-maps: 57f0acd0e7224dbc3772bc554a5257060a7bb93c
  react-native-safe-area-context: 2243039f43d10cb1ea30ec5ac57fc6d1448413f4
  react-native-webview: 6c1cd48b3838a9a2b13d48333e596616de53154d
  React-nativeconfig: 415626a63057638759bcc75e0a96e2e07771a479
  React-NativeModulesApple: d33b55553c6957ff94835574636838d78121a1c6
  React-perflogger: 72e653eb3aba9122f9e57cf012d22d2486f33358
  React-performancetimeline: f831af5af289407b87cdfbceafb7623e5960f9f3
  React-RCTActionSheet: aacf2375084dea6e7c221f4a727e579f732ff342
  React-RCTAnimation: 395ab53fd064dff81507c15efb781c8684d9a585
  React-RCTAppDelegate: 1e5b43833e3e36e9fa34eec20be98174bc0e14a2
  React-RCTBlob: 13311e554c1a367de063c10ee7c5e6573b2dd1d6
  React-RCTFabric: 07e1434e6bd8124460c4b4eb3bdb82b58bfafaee
  React-RCTImage: 1b1f914bcc12187c49ba5d949dac38c2eb9f5cc8
  React-RCTLinking: 4ac7c42beb65e36fba0376f3498f3cd8dd0be7fa
  React-RCTNetwork: 938902773add4381e84426a7aa17a2414f5f94f7
  React-RCTSettings: e848f1ba17a7a18479cf5a31d28145f567da8223
  React-RCTText: 7e98fafdde7d29e888b80f0b35544e0cb07913cf
  React-RCTVibration: cd7d80affd97dc7afa62f9acd491419558b64b78
  React-rendererconsistency: b89c074e22ca2b9eaa8013e1310c69db85364893
  React-rendererdebug: 25290691d85200d9d229f2c41c24b285a9f04e4b
  React-rncore: 2a6efd857e10a3b299f8a7fe912fd332aa7e515a
  React-RuntimeApple: 383f3b59440644f555d0a475379c5ee97c3173f6
  React-RuntimeCore: 753cb0bcae285509787d465d176c074ef7a6c537
  React-runtimeexecutor: 877596f82f5632d073e121cba2d2084b76a76899
  React-RuntimeHermes: bad4e404e8a6c25bc6ebcfd5eccb671bed76a67d
  React-runtimescheduler: a352af9ab3939273ee0e02650cfc1c8ee6e4d0c9
  React-timing: a693c531e5627dcc200fc7286cbbebf73d73469d
  React-utils: 59c5bbbc0e72be22c9d6eceb40afadf9be872819
  ReactCodegen: 049be6309e06c1027544819670913680f2029b8e
  ReactCommon: b2eb96a61b826ff327a773a74357b302cf6da678
  RNCAsyncStorage: b44e8a4e798c3e1f56bffccd0f591f674fb9198f
  RNCPicker: 7de564dce1f90b53e386a24001aafc3578233dfe
  RNDateTimePicker: 8c12d12e8660697c2e176d2f98775764431c141f
  RNDeviceInfo: bcce8752b5043a623fe3c26789679b473f705d3c
  RNGestureHandler: 2dd124adb171aab16629e9387cf1830957d242c2
  RNGoogleSignin: 2792145770d2bbd5656bf91c5c83db4cadb5ebe0
  RNPermissions: 0b0cdb0dfcc2fabc136a3d596220cc3d91977d79
  RNReactNativeHapticFeedback: c512c0c61cb05380234448495154bcc09b2fd8e1
  RNScreens: ad2d0cfb3f15c9ed56ffb43651366ec0dcd70c36
  RNSVG: 4d487e94540ec512ad5a94fbb4f2db9c7e9c1b91
  RNVectorIcons: d6f097e05e885c0abc06f328d38b950fb5b29bf2
  SocketRocket: d4aabe649be1e368d1318fdf28a022d714d65748
  Yoga: 55809fafaa48517cdd944723ab6aff6e040eff9d

PODFILE CHECKSUM: 6fdec776cbb61b009af2a63b43fced86fdadae9e

COCOAPODS: 1.16.2
